
Microsoft Visual Studio Solution File, Format Version 12.00
# Visual Studio 15
VisualStudioVersion = 15.0.26730.10
MinimumVisualStudioVersion = 10.0.40219.1
Project("{FAE04EC0-301F-11D3-BF4B-00C04F79EFBC}") = "NinjaGearWPF", "NinjaGearWPF\NinjaGearWPF.csproj", "{CAB7F761-0C4A-45FC-A28B-6A21639DB590}"
EndProject
Project("{00D1A9C2-B5F0-4AF3-8072-F6C62B433612}") = "NinjaDB", "Ninja\NinjaDB.sqlproj", "{8CF0F670-39C1-4BE5-8B32-8AA2FE142FBA}"
EndProject
Global
	GlobalSection(SolutionConfigurationPlatforms) = preSolution
		Debug|Any CPU = Debug|Any CPU
		Release|Any CPU = Release|Any CPU
	EndGlobalSection
	GlobalSection(ProjectConfigurationPlatforms) = postSolution
		{CAB7F761-0C4A-45FC-A28B-6A21639DB590}.Debug|Any CPU.ActiveCfg = Debug|Any CPU
		{CAB7F761-0C4A-45FC-A28B-6A21639DB590}.Debug|Any CPU.Build.0 = Debug|Any CPU
		{CAB7F761-0C4A-45FC-A28B-6A21639DB590}.Release|Any CPU.ActiveCfg = Release|Any CPU
		{CAB7F761-0C4A-45FC-A28B-6A21639DB590}.Release|Any CPU.Build.0 = Release|Any CPU
		{8CF0F670-39C1-4BE5-8B32-8AA2FE142FBA}.Debug|Any CPU.ActiveCfg = Debug|Any CPU
		{8CF0F670-39C1-4BE5-8B32-8AA2FE142FBA}.Debug|Any CPU.Build.0 = Debug|Any CPU
		{8CF0F670-39C1-4BE5-8B32-8AA2FE142FBA}.Debug|Any CPU.Deploy.0 = Debug|Any CPU
		{8CF0F670-39C1-4BE5-8B32-8AA2FE142FBA}.Release|Any CPU.ActiveCfg = Release|Any CPU
		{8CF0F670-39C1-4BE5-8B32-8AA2FE142FBA}.Release|Any CPU.Build.0 = Release|Any CPU
		{8CF0F670-39C1-4BE5-8B32-8AA2FE142FBA}.Release|Any CPU.Deploy.0 = Release|Any CPU
	EndGlobalSection
	GlobalSection(SolutionProperties) = preSolution
		HideSolutionNode = FALSE
	EndGlobalSection
	GlobalSection(ExtensibilityGlobals) = postSolution
		SolutionGuid = {18A4C70E-8099-4210-AF0A-7ADC604AE7B1}
	EndGlobalSection
EndGlobal
