
Microsoft Visual Studio Solution File, Format Version 12.00
# Visual Studio 15
VisualStudioVersion = 15.0.27004.2005
MinimumVisualStudioVersion = 10.0.40219.1
Project("{FAE04EC0-301F-11D3-BF4B-00C04F79EFBC}") = "NinjaGearWPF.domain", "NinjaGearWPF\NinjaGearWPF.domain.csproj", "{CAB7F761-0C4A-45FC-A28B-6A21639DB590}"
EndProject
Project("{00D1A9C2-B5F0-4AF3-8072-F6C62B433612}") = "NinjaDB", "Ninja\NinjaDB.sqlproj", "{8CF0F670-39C1-4BE5-8B32-8AA2FE142FBA}"
EndProject
Project("{FAE04EC0-301F-11D3-BF4B-00C04F79EFBC}") = "NinjaGearWPF.WPF", "NinjaGearWPF.WPF\NinjaGearWPF.WPF.csproj", "{585B5E68-EE1B-4C9A-90EF-BCAAD08FD88F}"
EndProject
Global
	GlobalSection(SolutionConfigurationPlatforms) = preSolution
		Debug|Any CPU = Debug|Any CPU
		Debug|ARM = Debug|ARM
		Debug|x64 = Debug|x64
		Debug|x86 = Debug|x86
		Release|Any CPU = Release|Any CPU
		Release|ARM = Release|ARM
		Release|x64 = Release|x64
		Release|x86 = Release|x86
	EndGlobalSection
	GlobalSection(ProjectConfigurationPlatforms) = postSolution
		{CAB7F761-0C4A-45FC-A28B-6A21639DB590}.Debug|Any CPU.ActiveCfg = Debug|Any CPU
		{CAB7F761-0C4A-45FC-A28B-6A21639DB590}.Debug|Any CPU.Build.0 = Debug|Any CPU
		{CAB7F761-0C4A-45FC-A28B-6A21639DB590}.Debug|ARM.ActiveCfg = Debug|Any CPU
		{CAB7F761-0C4A-45FC-A28B-6A21639DB590}.Debug|ARM.Build.0 = Debug|Any CPU
		{CAB7F761-0C4A-45FC-A28B-6A21639DB590}.Debug|x64.ActiveCfg = Debug|Any CPU
		{CAB7F761-0C4A-45FC-A28B-6A21639DB590}.Debug|x64.Build.0 = Debug|Any CPU
		{CAB7F761-0C4A-45FC-A28B-6A21639DB590}.Debug|x86.ActiveCfg = Debug|Any CPU
		{CAB7F761-0C4A-45FC-A28B-6A21639DB590}.Debug|x86.Build.0 = Debug|Any CPU
		{CAB7F761-0C4A-45FC-A28B-6A21639DB590}.Release|Any CPU.ActiveCfg = Release|Any CPU
		{CAB7F761-0C4A-45FC-A28B-6A21639DB590}.Release|Any CPU.Build.0 = Release|Any CPU
		{CAB7F761-0C4A-45FC-A28B-6A21639DB590}.Release|ARM.ActiveCfg = Release|Any CPU
		{CAB7F761-0C4A-45FC-A28B-6A21639DB590}.Release|ARM.Build.0 = Release|Any CPU
		{CAB7F761-0C4A-45FC-A28B-6A21639DB590}.Release|x64.ActiveCfg = Release|Any CPU
		{CAB7F761-0C4A-45FC-A28B-6A21639DB590}.Release|x64.Build.0 = Release|Any CPU
		{CAB7F761-0C4A-45FC-A28B-6A21639DB590}.Release|x86.ActiveCfg = Release|Any CPU
		{CAB7F761-0C4A-45FC-A28B-6A21639DB590}.Release|x86.Build.0 = Release|Any CPU
		{8CF0F670-39C1-4BE5-8B32-8AA2FE142FBA}.Debug|Any CPU.ActiveCfg = Debug|Any CPU
		{8CF0F670-39C1-4BE5-8B32-8AA2FE142FBA}.Debug|Any CPU.Build.0 = Debug|Any CPU
		{8CF0F670-39C1-4BE5-8B32-8AA2FE142FBA}.Debug|Any CPU.Deploy.0 = Debug|Any CPU
		{8CF0F670-39C1-4BE5-8B32-8AA2FE142FBA}.Debug|ARM.ActiveCfg = Debug|Any CPU
		{8CF0F670-39C1-4BE5-8B32-8AA2FE142FBA}.Debug|ARM.Build.0 = Debug|Any CPU
		{8CF0F670-39C1-4BE5-8B32-8AA2FE142FBA}.Debug|ARM.Deploy.0 = Debug|Any CPU
		{8CF0F670-39C1-4BE5-8B32-8AA2FE142FBA}.Debug|x64.ActiveCfg = Debug|Any CPU
		{8CF0F670-39C1-4BE5-8B32-8AA2FE142FBA}.Debug|x64.Build.0 = Debug|Any CPU
		{8CF0F670-39C1-4BE5-8B32-8AA2FE142FBA}.Debug|x64.Deploy.0 = Debug|Any CPU
		{8CF0F670-39C1-4BE5-8B32-8AA2FE142FBA}.Debug|x86.ActiveCfg = Debug|Any CPU
		{8CF0F670-39C1-4BE5-8B32-8AA2FE142FBA}.Debug|x86.Build.0 = Debug|Any CPU
		{8CF0F670-39C1-4BE5-8B32-8AA2FE142FBA}.Debug|x86.Deploy.0 = Debug|Any CPU
		{8CF0F670-39C1-4BE5-8B32-8AA2FE142FBA}.Release|Any CPU.ActiveCfg = Release|Any CPU
		{8CF0F670-39C1-4BE5-8B32-8AA2FE142FBA}.Release|Any CPU.Build.0 = Release|Any CPU
		{8CF0F670-39C1-4BE5-8B32-8AA2FE142FBA}.Release|Any CPU.Deploy.0 = Release|Any CPU
		{8CF0F670-39C1-4BE5-8B32-8AA2FE142FBA}.Release|ARM.ActiveCfg = Release|Any CPU
		{8CF0F670-39C1-4BE5-8B32-8AA2FE142FBA}.Release|ARM.Build.0 = Release|Any CPU
		{8CF0F670-39C1-4BE5-8B32-8AA2FE142FBA}.Release|ARM.Deploy.0 = Release|Any CPU
		{8CF0F670-39C1-4BE5-8B32-8AA2FE142FBA}.Release|x64.ActiveCfg = Release|Any CPU
		{8CF0F670-39C1-4BE5-8B32-8AA2FE142FBA}.Release|x64.Build.0 = Release|Any CPU
		{8CF0F670-39C1-4BE5-8B32-8AA2FE142FBA}.Release|x64.Deploy.0 = Release|Any CPU
		{8CF0F670-39C1-4BE5-8B32-8AA2FE142FBA}.Release|x86.ActiveCfg = Release|Any CPU
		{8CF0F670-39C1-4BE5-8B32-8AA2FE142FBA}.Release|x86.Build.0 = Release|Any CPU
		{8CF0F670-39C1-4BE5-8B32-8AA2FE142FBA}.Release|x86.Deploy.0 = Release|Any CPU
		{585B5E68-EE1B-4C9A-90EF-BCAAD08FD88F}.Debug|Any CPU.ActiveCfg = Debug|Any CPU
		{585B5E68-EE1B-4C9A-90EF-BCAAD08FD88F}.Debug|Any CPU.Build.0 = Debug|Any CPU
		{585B5E68-EE1B-4C9A-90EF-BCAAD08FD88F}.Debug|ARM.ActiveCfg = Debug|Any CPU
		{585B5E68-EE1B-4C9A-90EF-BCAAD08FD88F}.Debug|ARM.Build.0 = Debug|Any CPU
		{585B5E68-EE1B-4C9A-90EF-BCAAD08FD88F}.Debug|x64.ActiveCfg = Debug|Any CPU
		{585B5E68-EE1B-4C9A-90EF-BCAAD08FD88F}.Debug|x64.Build.0 = Debug|Any CPU
		{585B5E68-EE1B-4C9A-90EF-BCAAD08FD88F}.Debug|x86.ActiveCfg = Debug|Any CPU
		{585B5E68-EE1B-4C9A-90EF-BCAAD08FD88F}.Debug|x86.Build.0 = Debug|Any CPU
		{585B5E68-EE1B-4C9A-90EF-BCAAD08FD88F}.Release|Any CPU.ActiveCfg = Release|Any CPU
		{585B5E68-EE1B-4C9A-90EF-BCAAD08FD88F}.Release|Any CPU.Build.0 = Release|Any CPU
		{585B5E68-EE1B-4C9A-90EF-BCAAD08FD88F}.Release|ARM.ActiveCfg = Release|Any CPU
		{585B5E68-EE1B-4C9A-90EF-BCAAD08FD88F}.Release|ARM.Build.0 = Release|Any CPU
		{585B5E68-EE1B-4C9A-90EF-BCAAD08FD88F}.Release|x64.ActiveCfg = Release|Any CPU
		{585B5E68-EE1B-4C9A-90EF-BCAAD08FD88F}.Release|x64.Build.0 = Release|Any CPU
		{585B5E68-EE1B-4C9A-90EF-BCAAD08FD88F}.Release|x86.ActiveCfg = Release|Any CPU
		{585B5E68-EE1B-4C9A-90EF-BCAAD08FD88F}.Release|x86.Build.0 = Release|Any CPU
	EndGlobalSection
	GlobalSection(SolutionProperties) = preSolution
		HideSolutionNode = FALSE
	EndGlobalSection
	GlobalSection(ExtensibilityGlobals) = postSolution
		SolutionGuid = {18A4C70E-8099-4210-AF0A-7ADC604AE7B1}
	EndGlobalSection
EndGlobal
